
Microsoft Visual Studio Solution File, Format Version 12.00
# Visual Studio Version 17
VisualStudioVersion = 17.13.35919.96
MinimumVisualStudioVersion = 10.0.40219.1
Project("{FAE04EC0-301F-11D3-BF4B-00C04F79EFBC}") = "Quizerio", "Quizerio\Quizerio.csproj", "{093F4478-2931-4038-B402-42DF91D86F1D}"
EndProject
Global
	GlobalSection(SolutionConfigurationPlatforms) = preSolution
		Debug|Any CPU = Debug|Any CPU
		Release|Any CPU = Release|Any CPU
	EndGlobalSection
	GlobalSection(ProjectConfigurationPlatforms) = postSolution
		{093F4478-2931-4038-B402-42DF91D86F1D}.Debug|Any CPU.ActiveCfg = Debug|Any CPU
		{093F4478-2931-4038-B402-42DF91D86F1D}.Debug|Any CPU.Build.0 = Debug|Any CPU
		{093F4478-2931-4038-B402-42DF91D86F1D}.Release|Any CPU.ActiveCfg = Release|Any CPU
		{093F4478-2931-4038-B402-42DF91D86F1D}.Release|Any CPU.Build.0 = Release|Any CPU
	EndGlobalSection
	GlobalSection(SolutionProperties) = preSolution
		HideSolutionNode = FALSE
	EndGlobalSection
	GlobalSection(ExtensibilityGlobals) = postSolution
		SolutionGuid = {D25BB7CA-03E7-4458-BDE3-C7D3928497C1}
	EndGlobalSection
EndGlobal
